// !$*UTF8*$!
{
	archiveVersion = 1;
	classes = {
	};
	objectVersion = 46;
	objects = {

/* Begin PBXBuildFile section */
		756CC48A1D2FFB6B0048F1BE /* AppDelegate.swift in Sources */ = {isa = PBXBuildFile; fileRef = 756CC4891D2FFB6B0048F1BE /* AppDelegate.swift */; };
		756CC48F1D2FFB6B0048F1BE /* Main.storyboard in Resources */ = {isa = PBXBuildFile; fileRef = 756CC48D1D2FFB6B0048F1BE /* Main.storyboard */; };
		756CC4911D2FFB6B0048F1BE /* Assets.xcassets in Resources */ = {isa = PBXBuildFile; fileRef = 756CC4901D2FFB6B0048F1BE /* Assets.xcassets */; };
		756CC4941D2FFB6B0048F1BE /* LaunchScreen.storyboard in Resources */ = {isa = PBXBuildFile; fileRef = 756CC4921D2FFB6B0048F1BE /* LaunchScreen.storyboard */; };
		756CC49F1D2FFB6B0048F1BE /* PairTests.swift in Sources */ = {isa = PBXBuildFile; fileRef = 756CC49E1D2FFB6B0048F1BE /* PairTests.swift */; };
		756CC4AA1D2FFB6B0048F1BE /* PairUITests.swift in Sources */ = {isa = PBXBuildFile; fileRef = 756CC4A91D2FFB6B0048F1BE /* PairUITests.swift */; };
		756CC4B91D2FFBAE0048F1BE /* Model.xcdatamodeld in Sources */ = {isa = PBXBuildFile; fileRef = 756CC4B71D2FFBAE0048F1BE /* Model.xcdatamodeld */; };
		756CC4BC1D2FFC860048F1BE /* ItemToRandomize+CoreDataProperties.swift in Sources */ = {isa = PBXBuildFile; fileRef = 756CC4BA1D2FFC860048F1BE /* ItemToRandomize+CoreDataProperties.swift */; };
		756CC4BD1D2FFC860048F1BE /* ItemToRandomize.swift in Sources */ = {isa = PBXBuildFile; fileRef = 756CC4BB1D2FFC860048F1BE /* ItemToRandomize.swift */; };
		756CC4C01D2FFF150048F1BE /* RandomItemListTableViewController.swift in Sources */ = {isa = PBXBuildFile; fileRef = 756CC4BF1D2FFF150048F1BE /* RandomItemListTableViewController.swift */; };
/* End PBXBuildFile section */

/* Begin PBXContainerItemProxy section */
		756CC49B1D2FFB6B0048F1BE /* PBXContainerItemProxy */ = {
			isa = PBXContainerItemProxy;
			containerPortal = 756CC47E1D2FFB6B0048F1BE /* Project object */;
			proxyType = 1;
			remoteGlobalIDString = 756CC4851D2FFB6B0048F1BE;
			remoteInfo = Pair;
		};
		756CC4A61D2FFB6B0048F1BE /* PBXContainerItemProxy */ = {
			isa = PBXContainerItemProxy;
			containerPortal = 756CC47E1D2FFB6B0048F1BE /* Project object */;
			proxyType = 1;
			remoteGlobalIDString = 756CC4851D2FFB6B0048F1BE;
			remoteInfo = Pair;
		};
/* End PBXContainerItemProxy section */

/* Begin PBXFileReference section */
		756CC4861D2FFB6B0048F1BE /* Pair.app */ = {isa = PBXFileReference; explicitFileType = wrapper.application; includeInIndex = 0; path = Pair.app; sourceTree = BUILT_PRODUCTS_DIR; };
		756CC4891D2FFB6B0048F1BE /* AppDelegate.swift */ = {isa = PBXFileReference; lastKnownFileType = sourcecode.swift; path = AppDelegate.swift; sourceTree = "<group>"; };
		756CC48E1D2FFB6B0048F1BE /* Base */ = {isa = PBXFileReference; lastKnownFileType = file.storyboard; name = Base; path = Base.lproj/Main.storyboard; sourceTree = "<group>"; };
		756CC4901D2FFB6B0048F1BE /* Assets.xcassets */ = {isa = PBXFileReference; lastKnownFileType = folder.assetcatalog; path = Assets.xcassets; sourceTree = "<group>"; };
		756CC4931D2FFB6B0048F1BE /* Base */ = {isa = PBXFileReference; lastKnownFileType = file.storyboard; name = Base; path = Base.lproj/LaunchScreen.storyboard; sourceTree = "<group>"; };
		756CC4951D2FFB6B0048F1BE /* Info.plist */ = {isa = PBXFileReference; lastKnownFileType = text.plist.xml; path = Info.plist; sourceTree = "<group>"; };
		756CC49A1D2FFB6B0048F1BE /* PairTests.xctest */ = {isa = PBXFileReference; explicitFileType = wrapper.cfbundle; includeInIndex = 0; path = PairTests.xctest; sourceTree = BUILT_PRODUCTS_DIR; };
		756CC49E1D2FFB6B0048F1BE /* PairTests.swift */ = {isa = PBXFileReference; lastKnownFileType = sourcecode.swift; path = PairTests.swift; sourceTree = "<group>"; };
		756CC4A01D2FFB6B0048F1BE /* Info.plist */ = {isa = PBXFileReference; lastKnownFileType = text.plist.xml; path = Info.plist; sourceTree = "<group>"; };
		756CC4A51D2FFB6B0048F1BE /* PairUITests.xctest */ = {isa = PBXFileReference; explicitFileType = wrapper.cfbundle; includeInIndex = 0; path = PairUITests.xctest; sourceTree = BUILT_PRODUCTS_DIR; };
		756CC4A91D2FFB6B0048F1BE /* PairUITests.swift */ = {isa = PBXFileReference; lastKnownFileType = sourcecode.swift; path = PairUITests.swift; sourceTree = "<group>"; };
		756CC4AB1D2FFB6B0048F1BE /* Info.plist */ = {isa = PBXFileReference; lastKnownFileType = text.plist.xml; path = Info.plist; sourceTree = "<group>"; };
		756CC4B81D2FFBAE0048F1BE /* Model.xcdatamodel */ = {isa = PBXFileReference; lastKnownFileType = wrapper.xcdatamodel; path = Model.xcdatamodel; sourceTree = "<group>"; };
		756CC4BA1D2FFC860048F1BE /* ItemToRandomize+CoreDataProperties.swift */ = {isa = PBXFileReference; fileEncoding = 4; lastKnownFileType = sourcecode.swift; path = "ItemToRandomize+CoreDataProperties.swift"; sourceTree = "<group>"; };
		756CC4BB1D2FFC860048F1BE /* ItemToRandomize.swift */ = {isa = PBXFileReference; fileEncoding = 4; lastKnownFileType = sourcecode.swift; path = ItemToRandomize.swift; sourceTree = "<group>"; };
		756CC4BF1D2FFF150048F1BE /* RandomItemListTableViewController.swift */ = {isa = PBXFileReference; fileEncoding = 4; lastKnownFileType = sourcecode.swift; path = RandomItemListTableViewController.swift; sourceTree = "<group>"; };
/* End PBXFileReference section */

/* Begin PBXFrameworksBuildPhase section */
		756CC4831D2FFB6B0048F1BE /* Frameworks */ = {
			isa = PBXFrameworksBuildPhase;
			buildActionMask = 2147483647;
			files = (
			);
			runOnlyForDeploymentPostprocessing = 0;
		};
		756CC4971D2FFB6B0048F1BE /* Frameworks */ = {
			isa = PBXFrameworksBuildPhase;
			buildActionMask = 2147483647;
			files = (
			);
			runOnlyForDeploymentPostprocessing = 0;
		};
		756CC4A21D2FFB6B0048F1BE /* Frameworks */ = {
			isa = PBXFrameworksBuildPhase;
			buildActionMask = 2147483647;
			files = (
			);
			runOnlyForDeploymentPostprocessing = 0;
		};
/* End PBXFrameworksBuildPhase section */

/* Begin PBXGroup section */
		756CC47D1D2FFB6B0048F1BE = {
			isa = PBXGroup;
			children = (
				756CC4BE1D2FFC8B0048F1BE /* Model Controllers */,
				756CC4881D2FFB6B0048F1BE /* Pair */,
				756CC49D1D2FFB6B0048F1BE /* PairTests */,
				756CC4A81D2FFB6B0048F1BE /* PairUITests */,
				756CC4871D2FFB6B0048F1BE /* Products */,
			);
			sourceTree = "<group>";
		};
		756CC4871D2FFB6B0048F1BE /* Products */ = {
			isa = PBXGroup;
			children = (
				756CC4861D2FFB6B0048F1BE /* Pair.app */,
				756CC49A1D2FFB6B0048F1BE /* PairTests.xctest */,
				756CC4A51D2FFB6B0048F1BE /* PairUITests.xctest */,
			);
			name = Products;
			sourceTree = "<group>";
		};
		756CC4881D2FFB6B0048F1BE /* Pair */ = {
			isa = PBXGroup;
			children = (
				756CC4891D2FFB6B0048F1BE /* AppDelegate.swift */,
				756CC48D1D2FFB6B0048F1BE /* Main.storyboard */,
				756CC4BF1D2FFF150048F1BE /* RandomItemListTableViewController.swift */,
				756CC4B71D2FFBAE0048F1BE /* Model.xcdatamodeld */,
				756CC4901D2FFB6B0048F1BE /* Assets.xcassets */,
				756CC4921D2FFB6B0048F1BE /* LaunchScreen.storyboard */,
				756CC4951D2FFB6B0048F1BE /* Info.plist */,
			);
			path = Pair;
			sourceTree = "<group>";
		};
		756CC49D1D2FFB6B0048F1BE /* PairTests */ = {
			isa = PBXGroup;
			children = (
				756CC49E1D2FFB6B0048F1BE /* PairTests.swift */,
				756CC4A01D2FFB6B0048F1BE /* Info.plist */,
			);
			path = PairTests;
			sourceTree = "<group>";
		};
		756CC4A81D2FFB6B0048F1BE /* PairUITests */ = {
			isa = PBXGroup;
			children = (
				756CC4A91D2FFB6B0048F1BE /* PairUITests.swift */,
				756CC4AB1D2FFB6B0048F1BE /* Info.plist */,
			);
			path = PairUITests;
			sourceTree = "<group>";
		};
		756CC4BE1D2FFC8B0048F1BE /* Model Controllers */ = {
			isa = PBXGroup;
			children = (
				756CC4BA1D2FFC860048F1BE /* ItemToRandomize+CoreDataProperties.swift */,
				756CC4BB1D2FFC860048F1BE /* ItemToRandomize.swift */,
			);
			name = "Model Controllers";
			sourceTree = "<group>";
		};
/* End PBXGroup section */

/* Begin PBXNativeTarget section */
		756CC4851D2FFB6B0048F1BE /* Pair */ = {
			isa = PBXNativeTarget;
			buildConfigurationList = 756CC4AE1D2FFB6B0048F1BE /* Build configuration list for PBXNativeTarget "Pair" */;
			buildPhases = (
				756CC4821D2FFB6B0048F1BE /* Sources */,
				756CC4831D2FFB6B0048F1BE /* Frameworks */,
				756CC4841D2FFB6B0048F1BE /* Resources */,
			);
			buildRules = (
			);
			dependencies = (
			);
			name = Pair;
			productName = Pair;
			productReference = 756CC4861D2FFB6B0048F1BE /* Pair.app */;
			productType = "com.apple.product-type.application";
		};
		756CC4991D2FFB6B0048F1BE /* PairTests */ = {
			isa = PBXNativeTarget;
			buildConfigurationList = 756CC4B11D2FFB6B0048F1BE /* Build configuration list for PBXNativeTarget "PairTests" */;
			buildPhases = (
				756CC4961D2FFB6B0048F1BE /* Sources */,
				756CC4971D2FFB6B0048F1BE /* Frameworks */,
				756CC4981D2FFB6B0048F1BE /* Resources */,
			);
			buildRules = (
			);
			dependencies = (
				756CC49C1D2FFB6B0048F1BE /* PBXTargetDependency */,
			);
			name = PairTests;
			productName = PairTests;
			productReference = 756CC49A1D2FFB6B0048F1BE /* PairTests.xctest */;
			productType = "com.apple.product-type.bundle.unit-test";
		};
		756CC4A41D2FFB6B0048F1BE /* PairUITests */ = {
			isa = PBXNativeTarget;
			buildConfigurationList = 756CC4B41D2FFB6B0048F1BE /* Build configuration list for PBXNativeTarget "PairUITests" */;
			buildPhases = (
				756CC4A11D2FFB6B0048F1BE /* Sources */,
				756CC4A21D2FFB6B0048F1BE /* Frameworks */,
				756CC4A31D2FFB6B0048F1BE /* Resources */,
			);
			buildRules = (
			);
			dependencies = (
				756CC4A71D2FFB6B0048F1BE /* PBXTargetDependency */,
			);
			name = PairUITests;
			productName = PairUITests;
			productReference = 756CC4A51D2FFB6B0048F1BE /* PairUITests.xctest */;
			productType = "com.apple.product-type.bundle.ui-testing";
		};
/* End PBXNativeTarget section */

/* Begin PBXProject section */
		756CC47E1D2FFB6B0048F1BE /* Project object */ = {
			isa = PBXProject;
			attributes = {
				LastSwiftUpdateCheck = 0730;
				LastUpgradeCheck = 0730;
				ORGANIZATIONNAME = "Karl Pfister";
				TargetAttributes = {
					756CC4851D2FFB6B0048F1BE = {
						CreatedOnToolsVersion = 7.3.1;
					};
					756CC4991D2FFB6B0048F1BE = {
						CreatedOnToolsVersion = 7.3.1;
						TestTargetID = 756CC4851D2FFB6B0048F1BE;
					};
					756CC4A41D2FFB6B0048F1BE = {
						CreatedOnToolsVersion = 7.3.1;
						TestTargetID = 756CC4851D2FFB6B0048F1BE;
					};
				};
			};
			buildConfigurationList = 756CC4811D2FFB6B0048F1BE /* Build configuration list for PBXProject "Pair" */;
			compatibilityVersion = "Xcode 3.2";
			developmentRegion = English;
			hasScannedForEncodings = 0;
			knownRegions = (
				en,
				Base,
			);
			mainGroup = 756CC47D1D2FFB6B0048F1BE;
			productRefGroup = 756CC4871D2FFB6B0048F1BE /* Products */;
			projectDirPath = "";
			projectRoot = "";
			targets = (
				756CC4851D2FFB6B0048F1BE /* Pair */,
				756CC4991D2FFB6B0048F1BE /* PairTests */,
				756CC4A41D2FFB6B0048F1BE /* PairUITests */,
			);
		};
/* End PBXProject section */

/* Begin PBXResourcesBuildPhase section */
		756CC4841D2FFB6B0048F1BE /* Resources */ = {
			isa = PBXResourcesBuildPhase;
			buildActionMask = 2147483647;
			files = (
				756CC4941D2FFB6B0048F1BE /* LaunchScreen.storyboard in Resources */,
				756CC4911D2FFB6B0048F1BE /* Assets.xcassets in Resources */,
				756CC48F1D2FFB6B0048F1BE /* Main.storyboard in Resources */,
			);
			runOnlyForDeploymentPostprocessing = 0;
		};
		756CC4981D2FFB6B0048F1BE /* Resources */ = {
			isa = PBXResourcesBuildPhase;
			buildActionMask = 2147483647;
			files = (
			);
			runOnlyForDeploymentPostprocessing = 0;
		};
		756CC4A31D2FFB6B0048F1BE /* Resources */ = {
			isa = PBXResourcesBuildPhase;
			buildActionMask = 2147483647;
			files = (
			);
			runOnlyForDeploymentPostprocessing = 0;
		};
/* End PBXResourcesBuildPhase section */

/* Begin PBXSourcesBuildPhase section */
		756CC4821D2FFB6B0048F1BE /* Sources */ = {
			isa = PBXSourcesBuildPhase;
			buildActionMask = 2147483647;
			files = (
				756CC4C01D2FFF150048F1BE /* RandomItemListTableViewController.swift in Sources */,
				756CC4BC1D2FFC860048F1BE /* ItemToRandomize+CoreDataProperties.swift in Sources */,
				756CC48A1D2FFB6B0048F1BE /* AppDelegate.swift in Sources */,
				756CC4B91D2FFBAE0048F1BE /* Model.xcdatamodeld in Sources */,
				756CC4BD1D2FFC860048F1BE /* ItemToRandomize.swift in Sources */,
			);
			runOnlyForDeploymentPostprocessing = 0;
		};
		756CC4961D2FFB6B0048F1BE /* Sources */ = {
			isa = PBXSourcesBuildPhase;
			buildActionMask = 2147483647;
			files = (
				756CC49F1D2FFB6B0048F1BE /* PairTests.swift in Sources */,
			);
			runOnlyForDeploymentPostprocessing = 0;
		};
		756CC4A11D2FFB6B0048F1BE /* Sources */ = {
			isa = PBXSourcesBuildPhase;
			buildActionMask = 2147483647;
			files = (
				756CC4AA1D2FFB6B0048F1BE /* PairUITests.swift in Sources */,
			);
			runOnlyForDeploymentPostprocessing = 0;
		};
/* End PBXSourcesBuildPhase section */

/* Begin PBXTargetDependency section */
		756CC49C1D2FFB6B0048F1BE /* PBXTargetDependency */ = {
			isa = PBXTargetDependency;
			target = 756CC4851D2FFB6B0048F1BE /* Pair */;
			targetProxy = 756CC49B1D2FFB6B0048F1BE /* PBXContainerItemProxy */;
		};
		756CC4A71D2FFB6B0048F1BE /* PBXTargetDependency */ = {
			isa = PBXTargetDependency;
			target = 756CC4851D2FFB6B0048F1BE /* Pair */;
			targetProxy = 756CC4A61D2FFB6B0048F1BE /* PBXContainerItemProxy */;
		};
/* End PBXTargetDependency section */

/* Begin PBXVariantGroup section */
		756CC48D1D2FFB6B0048F1BE /* Main.storyboard */ = {
			isa = PBXVariantGroup;
			children = (
				756CC48E1D2FFB6B0048F1BE /* Base */,
			);
			name = Main.storyboard;
			sourceTree = "<group>";
		};
		756CC4921D2FFB6B0048F1BE /* LaunchScreen.storyboard */ = {
			isa = PBXVariantGroup;
			children = (
				756CC4931D2FFB6B0048F1BE /* Base */,
			);
			name = LaunchScreen.storyboard;
			sourceTree = "<group>";
		};
/* End PBXVariantGroup section */

/* Begin XCBuildConfiguration section */
		756CC4AC1D2FFB6B0048F1BE /* Debug */ = {
			isa = XCBuildConfiguration;
			buildSettings = {
				ALWAYS_SEARCH_USER_PATHS = NO;
				CLANG_ANALYZER_NONNULL = YES;
				CLANG_CXX_LANGUAGE_STANDARD = "gnu++0x";
				CLANG_CXX_LIBRARY = "libc++";
				CLANG_ENABLE_MODULES = YES;
				CLANG_ENABLE_OBJC_ARC = YES;
				CLANG_WARN_BOOL_CONVERSION = YES;
				CLANG_WARN_CONSTANT_CONVERSION = YES;
				CLANG_WARN_DIRECT_OBJC_ISA_USAGE = YES_ERROR;
				CLANG_WARN_EMPTY_BODY = YES;
				CLANG_WARN_ENUM_CONVERSION = YES;
				CLANG_WARN_INT_CONVERSION = YES;
				CLANG_WARN_OBJC_ROOT_CLASS = YES_ERROR;
				CLANG_WARN_UNREACHABLE_CODE = YES;
				CLANG_WARN__DUPLICATE_METHOD_MATCH = YES;
				"CODE_SIGN_IDENTITY[sdk=iphoneos*]" = "iPhone Developer";
				COPY_PHASE_STRIP = NO;
				DEBUG_INFORMATION_FORMAT = dwarf;
				ENABLE_STRICT_OBJC_MSGSEND = YES;
				ENABLE_TESTABILITY = YES;
				GCC_C_LANGUAGE_STANDARD = gnu99;
				GCC_DYNAMIC_NO_PIC = NO;
				GCC_NO_COMMON_BLOCKS = YES;
				GCC_OPTIMIZATION_LEVEL = 0;
				GCC_PREPROCESSOR_DEFINITIONS = (
					"DEBUG=1",
					"$(inherited)",
				);
				GCC_WARN_64_TO_32_BIT_CONVERSION = YES;
				GCC_WARN_ABOUT_RETURN_TYPE = YES_ERROR;
				GCC_WARN_UNDECLARED_SELECTOR = YES;
				GCC_WARN_UNINITIALIZED_AUTOS = YES_AGGRESSIVE;
				GCC_WARN_UNUSED_FUNCTION = YES;
				GCC_WARN_UNUSED_VARIABLE = YES;
				IPHONEOS_DEPLOYMENT_TARGET = 9.3;
				MTL_ENABLE_DEBUG_INFO = YES;
				ONLY_ACTIVE_ARCH = YES;
				SDKROOT = iphoneos;
				SWIFT_OPTIMIZATION_LEVEL = "-Onone";
				TARGETED_DEVICE_FAMILY = "1,2";
			};
			name = Debug;
		};
		756CC4AD1D2FFB6B0048F1BE /* Release */ = {
			isa = XCBuildConfiguration;
			buildSettings = {
				ALWAYS_SEARCH_USER_PATHS = NO;
				CLANG_ANALYZER_NONNULL = YES;
				CLANG_CXX_LANGUAGE_STANDARD = "gnu++0x";
				CLANG_CXX_LIBRARY = "libc++";
				CLANG_ENABLE_MODULES = YES;
				CLANG_ENABLE_OBJC_ARC = YES;
				CLANG_WARN_BOOL_CONVERSION = YES;
				CLANG_WARN_CONSTANT_CONVERSION = YES;
				CLANG_WARN_DIRECT_OBJC_ISA_USAGE = YES_ERROR;
				CLANG_WARN_EMPTY_BODY = YES;
				CLANG_WARN_ENUM_CONVERSION = YES;
				CLANG_WARN_INT_CONVERSION = YES;
				CLANG_WARN_OBJC_ROOT_CLASS = YES_ERROR;
				CLANG_WARN_UNREACHABLE_CODE = YES;
				CLANG_WARN__DUPLICATE_METHOD_MATCH = YES;
				"CODE_SIGN_IDENTITY[sdk=iphoneos*]" = "iPhone Developer";
				COPY_PHASE_STRIP = NO;
				DEBUG_INFORMATION_FORMAT = "dwarf-with-dsym";
				ENABLE_NS_ASSERTIONS = NO;
				ENABLE_STRICT_OBJC_MSGSEND = YES;
				GCC_C_LANGUAGE_STANDARD = gnu99;
				GCC_NO_COMMON_BLOCKS = YES;
				GCC_WARN_64_TO_32_BIT_CONVERSION = YES;
				GCC_WARN_ABOUT_RETURN_TYPE = YES_ERROR;
				GCC_WARN_UNDECLARED_SELECTOR = YES;
				GCC_WARN_UNINITIALIZED_AUTOS = YES_AGGRESSIVE;
				GCC_WARN_UNUSED_FUNCTION = YES;
				GCC_WARN_UNUSED_VARIABLE = YES;
				IPHONEOS_DEPLOYMENT_TARGET = 9.3;
				MTL_ENABLE_DEBUG_INFO = NO;
				SDKROOT = iphoneos;
				TARGETED_DEVICE_FAMILY = "1,2";
				VALIDATE_PRODUCT = YES;
			};
			name = Release;
		};
		756CC4AF1D2FFB6B0048F1BE /* Debug */ = {
			isa = XCBuildConfiguration;
			buildSettings = {
				ASSETCATALOG_COMPILER_APPICON_NAME = AppIcon;
				INFOPLIST_FILE = Pair/Info.plist;
				LD_RUNPATH_SEARCH_PATHS = "$(inherited) @executable_path/Frameworks";
				PRODUCT_BUNDLE_IDENTIFIER = "Wolf-s-Head-Labs.Pair";
				PRODUCT_NAME = "$(TARGET_NAME)";
			};
			name = Debug;
		};
		756CC4B01D2FFB6B0048F1BE /* Release */ = {
			isa = XCBuildConfiguration;
			buildSettings = {
				ASSETCATALOG_COMPILER_APPICON_NAME = AppIcon;
				INFOPLIST_FILE = Pair/Info.plist;
				LD_RUNPATH_SEARCH_PATHS = "$(inherited) @executable_path/Frameworks";
				PRODUCT_BUNDLE_IDENTIFIER = "Wolf-s-Head-Labs.Pair";
				PRODUCT_NAME = "$(TARGET_NAME)";
			};
			name = Release;
		};
		756CC4B21D2FFB6B0048F1BE /* Debug */ = {
			isa = XCBuildConfiguration;
			buildSettings = {
				BUNDLE_LOADER = "$(TEST_HOST)";
				INFOPLIST_FILE = PairTests/Info.plist;
				LD_RUNPATH_SEARCH_PATHS = "$(inherited) @executable_path/Frameworks @loader_path/Frameworks";
				PRODUCT_BUNDLE_IDENTIFIER = "Wolf-s-Head-Labs.PairTests";
				PRODUCT_NAME = "$(TARGET_NAME)";
				TEST_HOST = "$(BUILT_PRODUCTS_DIR)/Pair.app/Pair";
			};
			name = Debug;
		};
		756CC4B31D2FFB6B0048F1BE /* Release */ = {
			isa = XCBuildConfiguration;
			buildSettings = {
				BUNDLE_LOADER = "$(TEST_HOST)";
				INFOPLIST_FILE = PairTests/Info.plist;
				LD_RUNPATH_SEARCH_PATHS = "$(inherited) @executable_path/Frameworks @loader_path/Frameworks";
				PRODUCT_BUNDLE_IDENTIFIER = "Wolf-s-Head-Labs.PairTests";
				PRODUCT_NAME = "$(TARGET_NAME)";
				TEST_HOST = "$(BUILT_PRODUCTS_DIR)/Pair.app/Pair";
			};
			name = Release;
		};
		756CC4B51D2FFB6B0048F1BE /* Debug */ = {
			isa = XCBuildConfiguration;
			buildSettings = {
				INFOPLIST_FILE = PairUITests/Info.plist;
				LD_RUNPATH_SEARCH_PATHS = "$(inherited) @executable_path/Frameworks @loader_path/Frameworks";
				PRODUCT_BUNDLE_IDENTIFIER = "Wolf-s-Head-Labs.PairUITests";
				PRODUCT_NAME = "$(TARGET_NAME)";
				TEST_TARGET_NAME = Pair;
			};
			name = Debug;
		};
		756CC4B61D2FFB6B0048F1BE /* Release */ = {
			isa = XCBuildConfiguration;
			buildSettings = {
				INFOPLIST_FILE = PairUITests/Info.plist;
				LD_RUNPATH_SEARCH_PATHS = "$(inherited) @executable_path/Frameworks @loader_path/Frameworks";
				PRODUCT_BUNDLE_IDENTIFIER = "Wolf-s-Head-Labs.PairUITests";
				PRODUCT_NAME = "$(TARGET_NAME)";
				TEST_TARGET_NAME = Pair;
			};
			name = Release;
		};
/* End XCBuildConfiguration section */

/* Begin XCConfigurationList section */
		756CC4811D2FFB6B0048F1BE /* Build configuration list for PBXProject "Pair" */ = {
			isa = XCConfigurationList;
			buildConfigurations = (
				756CC4AC1D2FFB6B0048F1BE /* Debug */,
				756CC4AD1D2FFB6B0048F1BE /* Release */,
			);
			defaultConfigurationIsVisible = 0;
			defaultConfigurationName = Release;
		};
		756CC4AE1D2FFB6B0048F1BE /* Build configuration list for PBXNativeTarget "Pair" */ = {
			isa = XCConfigurationList;
			buildConfigurations = (
				756CC4AF1D2FFB6B0048F1BE /* Debug */,
				756CC4B01D2FFB6B0048F1BE /* Release */,
			);
			defaultConfigurationIsVisible = 0;
		};
		756CC4B11D2FFB6B0048F1BE /* Build configuration list for PBXNativeTarget "PairTests" */ = {
			isa = XCConfigurationList;
			buildConfigurations = (
				756CC4B21D2FFB6B0048F1BE /* Debug */,
				756CC4B31D2FFB6B0048F1BE /* Release */,
			);
			defaultConfigurationIsVisible = 0;
		};
		756CC4B41D2FFB6B0048F1BE /* Build configuration list for PBXNativeTarget "PairUITests" */ = {
			isa = XCConfigurationList;
			buildConfigurations = (
				756CC4B51D2FFB6B0048F1BE /* Debug */,
				756CC4B61D2FFB6B0048F1BE /* Release */,
			);
			defaultConfigurationIsVisible = 0;
		};
/* End XCConfigurationList section */

/* Begin XCVersionGroup section */
		756CC4B71D2FFBAE0048F1BE /* Model.xcdatamodeld */ = {
			isa = XCVersionGroup;
			children = (
				756CC4B81D2FFBAE0048F1BE /* Model.xcdatamodel */,
			);
			currentVersion = 756CC4B81D2FFBAE0048F1BE /* Model.xcdatamodel */;
			path = Model.xcdatamodeld;
			sourceTree = "<group>";
			versionGroupType = wrapper.xcdatamodel;
		};
/* End XCVersionGroup section */
	};
	rootObject = 756CC47E1D2FFB6B0048F1BE /* Project object */;
}
